{
  "name": "Vet",
  "lockfileVersion": 2,
  "requires": true,
  "packages": {
    "": {
      "dependencies": {
        "highcharts": "^9.3.2",
        "jquery": "^3.6.0",
        "sweetalert2": "^11.3.1"
      }
    },
    "node_modules/highcharts": {
      "version": "9.3.2",
      "resolved": "https://registry.npmjs.org/highcharts/-/highcharts-9.3.2.tgz",
      "integrity": "sha512-I/48gNMvs3hZxZnPRUqLbnlrGZJJ7YPPVr1+fYeZ35p4pSZAOwTmAGbptrjBr7JlF52HmJH9zMbt/I4TPLu9Pg=="
    },
    "node_modules/jquery": {
      "version": "3.6.0",
      "resolved": "https://registry.npmjs.org/jquery/-/jquery-3.6.0.tgz",
      "integrity": "sha512-JVzAR/AjBvVt2BmYhxRCSYysDsPcssdmTFnzyLEts9qNwmjmu4JTAMYubEfwVOSwpQ1I1sKKFcxhZCI2buerfw=="
    },
    "node_modules/sweetalert2": {
      "version": "11.3.1",
      "resolved": "https://registry.npmjs.org/sweetalert2/-/sweetalert2-11.3.1.tgz",
      "integrity": "sha512-p+8lC/j+x1Fi5RY77f0h4gYAIC9zC8eG+wfKt/CmxolGB8PK2yvEgJ3Gqa1wY6OkzH6Mm3MYbVCgj7IwyoID6g==",
      "funding": {
        "url": "https://sweetalert2.github.io/#donations"
      }
    }
  },
  "dependencies": {
    "highcharts": {
      "version": "9.3.2",
      "resolved": "https://registry.npmjs.org/highcharts/-/highcharts-9.3.2.tgz",
      "integrity": "sha512-I/48gNMvs3hZxZnPRUqLbnlrGZJJ7YPPVr1+fYeZ35p4pSZAOwTmAGbptrjBr7JlF52HmJH9zMbt/I4TPLu9Pg=="
    },
    "jquery": {
      "version": "3.6.0",
      "resolved": "https://registry.npmjs.org/jquery/-/jquery-3.6.0.tgz",
      "integrity": "sha512-JVzAR/AjBvVt2BmYhxRCSYysDsPcssdmTFnzyLEts9qNwmjmu4JTAMYubEfwVOSwpQ1I1sKKFcxhZCI2buerfw=="
    },
    "sweetalert2": {
      "version": "11.3.1",
      "resolved": "https://registry.npmjs.org/sweetalert2/-/sweetalert2-11.3.1.tgz",
      "integrity": "sha512-p+8lC/j+x1Fi5RY77f0h4gYAIC9zC8eG+wfKt/CmxolGB8PK2yvEgJ3Gqa1wY6OkzH6Mm3MYbVCgj7IwyoID6g=="
    }
  }
}
